
Microsoft Visual Studio Solution File, Format Version 12.00
# Visual Studio Version 17
VisualStudioVersion = 17.8.34330.188
MinimumVisualStudioVersion = 10.0.40219.1
Project("{9A19103F-16F7-4668-BE54-9A1E7A4F7556}") = "Api-Emiratesnbd", "Api-Emiratesnbd\Api-Emiratesnbd.csproj", "{A13262D6-2CE7-444A-B1A6-D825E1C20995}"
EndProject
Project("{9A19103F-16F7-4668-BE54-9A1E7A4F7556}") = "DAL", "DAL\DAL.csproj", "{F9661048-A747-42E8-BA93-88E68F968F42}"
EndProject
Project("{FAE04EC0-301F-11D3-BF4B-00C04F79EFBC}") = "Infrastrucure", "Infrastrucure\Infrastrucure.csproj", "{D8C641AB-9AAE-4A32-82EF-5471236F99ED}"
EndProject
Global
	GlobalSection(SolutionConfigurationPlatforms) = preSolution
		Debug|Any CPU = Debug|Any CPU
		Release|Any CPU = Release|Any CPU
	EndGlobalSection
	GlobalSection(ProjectConfigurationPlatforms) = postSolution
		{A13262D6-2CE7-444A-B1A6-D825E1C20995}.Debug|Any CPU.ActiveCfg = Debug|Any CPU
		{A13262D6-2CE7-444A-B1A6-D825E1C20995}.Debug|Any CPU.Build.0 = Debug|Any CPU
		{A13262D6-2CE7-444A-B1A6-D825E1C20995}.Release|Any CPU.ActiveCfg = Release|Any CPU
		{A13262D6-2CE7-444A-B1A6-D825E1C20995}.Release|Any CPU.Build.0 = Release|Any CPU
		{F9661048-A747-42E8-BA93-88E68F968F42}.Debug|Any CPU.ActiveCfg = Debug|Any CPU
		{F9661048-A747-42E8-BA93-88E68F968F42}.Debug|Any CPU.Build.0 = Debug|Any CPU
		{F9661048-A747-42E8-BA93-88E68F968F42}.Release|Any CPU.ActiveCfg = Release|Any CPU
		{F9661048-A747-42E8-BA93-88E68F968F42}.Release|Any CPU.Build.0 = Release|Any CPU
		{D8C641AB-9AAE-4A32-82EF-5471236F99ED}.Debug|Any CPU.ActiveCfg = Debug|Any CPU
		{D8C641AB-9AAE-4A32-82EF-5471236F99ED}.Debug|Any CPU.Build.0 = Debug|Any CPU
		{D8C641AB-9AAE-4A32-82EF-5471236F99ED}.Release|Any CPU.ActiveCfg = Release|Any CPU
		{D8C641AB-9AAE-4A32-82EF-5471236F99ED}.Release|Any CPU.Build.0 = Release|Any CPU
	EndGlobalSection
	GlobalSection(SolutionProperties) = preSolution
		HideSolutionNode = FALSE
	EndGlobalSection
	GlobalSection(ExtensibilityGlobals) = postSolution
		SolutionGuid = {FB738C94-E77E-47F9-870A-B4D730E9ED0C}
	EndGlobalSection
EndGlobal
